PODS:
  - NXDrawKit (0.8.1)
  - RSKImageCropper (2.3.1)

DEPENDENCIES:
  - NXDrawKit (from `../`)
  - RSKImageCropper

SPEC REPOS:
  trunk:
    - RSKImageCropper

EXTERNAL SOURCES:
  NXDrawKit:
    :path: "../"

SPEC CHECKSUMS:
  NXDrawKit: 699e2862ae7c11a717e91dca37c11868a28c97b6
  RSKImageCropper: cde3c539d0bfb0226635637caa30087668c9bed7

PODFILE CHECKSUM: 7255fe7447eb793dd2be0bf85e79fbeb8c4af8b2

COCOAPODS: 1.12.0
